
Microsoft Visual Studio Solution File, Format Version 12.00
# Visual Studio Version 16
VisualStudioVersion = 16.0.32002.261
MinimumVisualStudioVersion = 10.0.40219.1
Project("{FAE04EC0-301F-11D3-BF4B-00C04F79EFBC}") = "Azure Speach Console", "Azure Speach Console.csproj", "{A799FA99-A42F-404F-A608-ED09B3391467}"
EndProject
Global
	GlobalSection(SolutionConfigurationPlatforms) = preSolution
		Debug|x64 = Debug|x64
		Release|x64 = Release|x64
	EndGlobalSection
	GlobalSection(ProjectConfigurationPlatforms) = postSolution
		{A799FA99-A42F-404F-A608-ED09B3391467}.Debug|x64.ActiveCfg = Debug|x64
		{A799FA99-A42F-404F-A608-ED09B3391467}.Debug|x64.Build.0 = Debug|x64
		{A799FA99-A42F-404F-A608-ED09B3391467}.Release|x64.ActiveCfg = Release|Any CPU
		{A799FA99-A42F-404F-A608-ED09B3391467}.Release|x64.Build.0 = Release|Any CPU
	EndGlobalSection
	GlobalSection(SolutionProperties) = preSolution
		HideSolutionNode = FALSE
	EndGlobalSection
	GlobalSection(ExtensibilityGlobals) = postSolution
		SolutionGuid = {CBE63314-7675-4509-AD1C-E975DFBA011D}
	EndGlobalSection
EndGlobal
